// !$*UTF8*$!
{
	archiveVersion = 1;
	classes = {
	};
	objectVersion = 50;
	objects = {

/* Begin PBXBuildFile section */
		0A20F49E904F0322ECCBA31D /* Pods_sky_digital_swiftTests.framework in Frameworks */ = {isa = PBXBuildFile; fileRef = E1AC951A36A19368B83580EE /* Pods_sky_digital_swiftTests.framework */; };
		59F01CB423479C350097BD6E /* AppDelegate.swift in Sources */ = {isa = PBXBuildFile; fileRef = 59F01CB323479C350097BD6E /* AppDelegate.swift */; };
		59F01CB823479C350097BD6E /* MoviesViewController.swift in Sources */ = {isa = PBXBuildFile; fileRef = 59F01CB723479C350097BD6E /* MoviesViewController.swift */; };
		59F01CBB23479C350097BD6E /* Main.storyboard in Resources */ = {isa = PBXBuildFile; fileRef = 59F01CB923479C350097BD6E /* Main.storyboard */; };
		59F01CBD23479C360097BD6E /* Assets.xcassets in Resources */ = {isa = PBXBuildFile; fileRef = 59F01CBC23479C360097BD6E /* Assets.xcassets */; };
		59F01CC023479C360097BD6E /* LaunchScreen.storyboard in Resources */ = {isa = PBXBuildFile; fileRef = 59F01CBE23479C360097BD6E /* LaunchScreen.storyboard */; };
		59F01CCB23479C360097BD6E /* sky_digital_swiftTests.swift in Sources */ = {isa = PBXBuildFile; fileRef = 59F01CCA23479C360097BD6E /* sky_digital_swiftTests.swift */; };
		59F01CD72347A2890097BD6E /* APISession.swift in Sources */ = {isa = PBXBuildFile; fileRef = 59F01CD62347A2890097BD6E /* APISession.swift */; };
		59F01CDA2347A2E20097BD6E /* RequestManager.swift in Sources */ = {isa = PBXBuildFile; fileRef = 59F01CD92347A2E20097BD6E /* RequestManager.swift */; };
		59F01CDD2347A33A0097BD6E /* Movie.swift in Sources */ = {isa = PBXBuildFile; fileRef = 59F01CDC2347A33A0097BD6E /* Movie.swift */; };
		59F01CE02347A4360097BD6E /* MoviesController.swift in Sources */ = {isa = PBXBuildFile; fileRef = 59F01CDF2347A4360097BD6E /* MoviesController.swift */; };
		59F01CE62347AB440097BD6E /* UIViewControllerExtension.swift in Sources */ = {isa = PBXBuildFile; fileRef = 59F01CE52347AB440097BD6E /* UIViewControllerExtension.swift */; };
		59F01CE82347AD5C0097BD6E /* SceneDelegate.swift in Sources */ = {isa = PBXBuildFile; fileRef = 59F01CE72347AD5C0097BD6E /* SceneDelegate.swift */; };
		59F01CEF2347DB4B0097BD6E /* MovieCVC.swift in Sources */ = {isa = PBXBuildFile; fileRef = 59F01CED2347DB4B0097BD6E /* MovieCVC.swift */; };
		59F01CF02347DB4B0097BD6E /* MovieCVC.xib in Resources */ = {isa = PBXBuildFile; fileRef = 59F01CEE2347DB4B0097BD6E /* MovieCVC.xib */; };
		59F01CF22347DCCA0097BD6E /* MovieDetailController.swift in Sources */ = {isa = PBXBuildFile; fileRef = 59F01CF12347DCCA0097BD6E /* MovieDetailController.swift */; };
		59F01CF42347DCFA0097BD6E /* MovieDetailViewController.swift in Sources */ = {isa = PBXBuildFile; fileRef = 59F01CF32347DCFA0097BD6E /* MovieDetailViewController.swift */; };
		59F01CF72347E2050097BD6E /* ImageView.swift in Sources */ = {isa = PBXBuildFile; fileRef = 59F01CF62347E2050097BD6E /* ImageView.swift */; };
		59F01CF92348215C0097BD6E /* ImageShow.swift in Sources */ = {isa = PBXBuildFile; fileRef = 59F01CF82348215C0097BD6E /* ImageShow.swift */; };
		8E8FA67115A8A3B83A8AB739 /* Pods_sky_digital_swift.framework in Frameworks */ = {isa = PBXBuildFile; fileRef = BF2CB9AF894AA75363E1DFDC /* Pods_sky_digital_swift.framework */; };
/* End PBXBuildFile section */

/* Begin PBXContainerItemProxy section */
		59F01CC723479C360097BD6E /* PBXContainerItemProxy */ = {
			isa = PBXContainerItemProxy;
			containerPortal = 59F01CA823479C350097BD6E /* Project object */;
			proxyType = 1;
			remoteGlobalIDString = 59F01CAF23479C350097BD6E;
			remoteInfo = "sky-digital-swift";
		};
/* End PBXContainerItemProxy section */

/* Begin PBXFileReference section */
		38F61B5452E43B66974B6BFD /* Pods-sky-digital-swift.debug.xcconfig */ = {isa = PBXFileReference; includeInIndex = 1; lastKnownFileType = text.xcconfig; name = "Pods-sky-digital-swift.debug.xcconfig"; path = "Pods/Target Support Files/Pods-sky-digital-swift/Pods-sky-digital-swift.debug.xcconfig"; sourceTree = "<group>"; };
		50B98B067D3EC17DD696D9B0 /* Pods-sky-digital-swiftTests.release.xcconfig */ = {isa = PBXFileReference; includeInIndex = 1; lastKnownFileType = text.xcconfig; name = "Pods-sky-digital-swiftTests.release.xcconfig"; path = "Pods/Target Support Files/Pods-sky-digital-swiftTests/Pods-sky-digital-swiftTests.release.xcconfig"; sourceTree = "<group>"; };
		59F01CB023479C350097BD6E /* sky-digital-swift.app */ = {isa = PBXFileReference; explicitFileType = wrapper.application; includeInIndex = 0; path = "sky-digital-swift.app"; sourceTree = BUILT_PRODUCTS_DIR; };
		59F01CB323479C350097BD6E /* AppDelegate.swift */ = {isa = PBXFileReference; lastKnownFileType = sourcecode.swift; path = AppDelegate.swift; sourceTree = "<group>"; };
		59F01CB723479C350097BD6E /* MoviesViewController.swift */ = {isa = PBXFileReference; lastKnownFileType = sourcecode.swift; path = MoviesViewController.swift; sourceTree = "<group>"; };
		59F01CBA23479C350097BD6E /* Base */ = {isa = PBXFileReference; lastKnownFileType = file.storyboard; name = Base; path = Base.lproj/Main.storyboard; sourceTree = "<group>"; };
		59F01CBC23479C360097BD6E /* Assets.xcassets */ = {isa = PBXFileReference; lastKnownFileType = folder.assetcatalog; path = Assets.xcassets; sourceTree = "<group>"; };
		59F01CBF23479C360097BD6E /* Base */ = {isa = PBXFileReference; lastKnownFileType = file.storyboard; name = Base; path = Base.lproj/LaunchScreen.storyboard; sourceTree = "<group>"; };
		59F01CC123479C360097BD6E /* Info.plist */ = {isa = PBXFileReference; lastKnownFileType = text.plist.xml; path = Info.plist; sourceTree = "<group>"; };
		59F01CC623479C360097BD6E /* sky-digital-swiftTests.xctest */ = {isa = PBXFileReference; explicitFileType = wrapper.cfbundle; includeInIndex = 0; path = "sky-digital-swiftTests.xctest"; sourceTree = BUILT_PRODUCTS_DIR; };
		59F01CCA23479C360097BD6E /* sky_digital_swiftTests.swift */ = {isa = PBXFileReference; lastKnownFileType = sourcecode.swift; path = sky_digital_swiftTests.swift; sourceTree = "<group>"; };
		59F01CCC23479C360097BD6E /* Info.plist */ = {isa = PBXFileReference; lastKnownFileType = text.plist.xml; path = Info.plist; sourceTree = "<group>"; };
		59F01CD62347A2890097BD6E /* APISession.swift */ = {isa = PBXFileReference; lastKnownFileType = sourcecode.swift; path = APISession.swift; sourceTree = "<group>"; };
		59F01CD92347A2E20097BD6E /* RequestManager.swift */ = {isa = PBXFileReference; lastKnownFileType = sourcecode.swift; path = RequestManager.swift; sourceTree = "<group>"; };
		59F01CDC2347A33A0097BD6E /* Movie.swift */ = {isa = PBXFileReference; lastKnownFileType = sourcecode.swift; path = Movie.swift; sourceTree = "<group>"; };
		59F01CDF2347A4360097BD6E /* MoviesController.swift */ = {isa = PBXFileReference; lastKnownFileType = sourcecode.swift; path = MoviesController.swift; sourceTree = "<group>"; };
		59F01CE52347AB440097BD6E /* UIViewControllerExtension.swift */ = {isa = PBXFileReference; lastKnownFileType = sourcecode.swift; path = UIViewControllerExtension.swift; sourceTree = "<group>"; };
		59F01CE72347AD5C0097BD6E /* SceneDelegate.swift */ = {isa = PBXFileReference; fileEncoding = 4; lastKnownFileType = sourcecode.swift; path = SceneDelegate.swift; sourceTree = "<group>"; };
		59F01CED2347DB4B0097BD6E /* MovieCVC.swift */ = {isa = PBXFileReference; lastKnownFileType = sourcecode.swift; path = MovieCVC.swift; sourceTree = "<group>"; };
		59F01CEE2347DB4B0097BD6E /* MovieCVC.xib */ = {isa = PBXFileReference; lastKnownFileType = file.xib; path = MovieCVC.xib; sourceTree = "<group>"; };
		59F01CF12347DCCA0097BD6E /* MovieDetailController.swift */ = {isa = PBXFileReference; lastKnownFileType = sourcecode.swift; path = MovieDetailController.swift; sourceTree = "<group>"; };
		59F01CF32347DCFA0097BD6E /* MovieDetailViewController.swift */ = {isa = PBXFileReference; lastKnownFileType = sourcecode.swift; path = MovieDetailViewController.swift; sourceTree = "<group>"; };
		59F01CF62347E2050097BD6E /* ImageView.swift */ = {isa = PBXFileReference; lastKnownFileType = sourcecode.swift; path = ImageView.swift; sourceTree = "<group>"; };
		59F01CF82348215C0097BD6E /* ImageShow.swift */ = {isa = PBXFileReference; lastKnownFileType = sourcecode.swift; path = ImageShow.swift; sourceTree = "<group>"; };
		6184771ABE287E19149B707F /* Pods-sky-digital-swift.release.xcconfig */ = {isa = PBXFileReference; includeInIndex = 1; lastKnownFileType = text.xcconfig; name = "Pods-sky-digital-swift.release.xcconfig"; path = "Pods/Target Support Files/Pods-sky-digital-swift/Pods-sky-digital-swift.release.xcconfig"; sourceTree = "<group>"; };
		BF2CB9AF894AA75363E1DFDC /* Pods_sky_digital_swift.framework */ = {isa = PBXFileReference; explicitFileType = wrapper.framework; includeInIndex = 0; path = Pods_sky_digital_swift.framework; sourceTree = BUILT_PRODUCTS_DIR; };
		C85905061EE4071EF7074046 /* Pods-sky-digital-swiftTests.debug.xcconfig */ = {isa = PBXFileReference; includeInIndex = 1; lastKnownFileType = text.xcconfig; name = "Pods-sky-digital-swiftTests.debug.xcconfig"; path = "Pods/Target Support Files/Pods-sky-digital-swiftTests/Pods-sky-digital-swiftTests.debug.xcconfig"; sourceTree = "<group>"; };
		E1AC951A36A19368B83580EE /* Pods_sky_digital_swiftTests.framework */ = {isa = PBXFileReference; explicitFileType = wrapper.framework; includeInIndex = 0; path = Pods_sky_digital_swiftTests.framework; sourceTree = BUILT_PRODUCTS_DIR; };
/* End PBXFileReference section */

/* Begin PBXFrameworksBuildPhase section */
		59F01CAD23479C350097BD6E /* Frameworks */ = {
			isa = PBXFrameworksBuildPhase;
			buildActionMask = 2147483647;
			files = (
				8E8FA67115A8A3B83A8AB739 /* Pods_sky_digital_swift.framework in Frameworks */,
			);
			runOnlyForDeploymentPostprocessing = 0;
		};
		59F01CC323479C360097BD6E /* Frameworks */ = {
			isa = PBXFrameworksBuildPhase;
			buildActionMask = 2147483647;
			files = (
				0A20F49E904F0322ECCBA31D /* Pods_sky_digital_swiftTests.framework in Frameworks */,
			);
			runOnlyForDeploymentPostprocessing = 0;
		};
/* End PBXFrameworksBuildPhase section */

/* Begin PBXGroup section */
		59F01CA723479C350097BD6E = {
			isa = PBXGroup;
			children = (
				59F01CB223479C350097BD6E /* sky-digital-swift */,
				59F01CC923479C360097BD6E /* sky-digital-swiftTests */,
				59F01CB123479C350097BD6E /* Products */,
				D540BFBFEA97259C275C3E6E /* Pods */,
				F3AC2D41B0EF3987A0123996 /* Frameworks */,
			);
			sourceTree = "<group>";
		};
		59F01CB123479C350097BD6E /* Products */ = {
			isa = PBXGroup;
			children = (
				59F01CB023479C350097BD6E /* sky-digital-swift.app */,
				59F01CC623479C360097BD6E /* sky-digital-swiftTests.xctest */,
			);
			name = Products;
			sourceTree = "<group>";
		};
		59F01CB223479C350097BD6E /* sky-digital-swift */ = {
			isa = PBXGroup;
			children = (
				59F01CE32347AB270097BD6E /* Common */,
				59F01CD52347A2680097BD6E /* Networking */,
				59F01CD82347A2CB0097BD6E /* Repository */,
				59F01CDB2347A3050097BD6E /* Model */,
				59F01CDE2347A41D0097BD6E /* Controller */,
				59F01CE12347A4B40097BD6E /* View */,
				59F01CB323479C350097BD6E /* AppDelegate.swift */,
				59F01CE72347AD5C0097BD6E /* SceneDelegate.swift */,
				59F01CBC23479C360097BD6E /* Assets.xcassets */,
				59F01CC123479C360097BD6E /* Info.plist */,
			);
			path = "sky-digital-swift";
			sourceTree = "<group>";
		};
		59F01CC923479C360097BD6E /* sky-digital-swiftTests */ = {
			isa = PBXGroup;
			children = (
				59F01CCA23479C360097BD6E /* sky_digital_swiftTests.swift */,
				59F01CCC23479C360097BD6E /* Info.plist */,
			);
			path = "sky-digital-swiftTests";
			sourceTree = "<group>";
		};
		59F01CD52347A2680097BD6E /* Networking */ = {
			isa = PBXGroup;
			children = (
				59F01CD62347A2890097BD6E /* APISession.swift */,
			);
			path = Networking;
			sourceTree = "<group>";
		};
		59F01CD82347A2CB0097BD6E /* Repository */ = {
			isa = PBXGroup;
			children = (
				59F01CD92347A2E20097BD6E /* RequestManager.swift */,
			);
			path = Repository;
			sourceTree = "<group>";
		};
		59F01CDB2347A3050097BD6E /* Model */ = {
			isa = PBXGroup;
			children = (
				59F01CDC2347A33A0097BD6E /* Movie.swift */,
				59F01CF82348215C0097BD6E /* ImageShow.swift */,
			);
			path = Model;
			sourceTree = "<group>";
		};
		59F01CDE2347A41D0097BD6E /* Controller */ = {
			isa = PBXGroup;
			children = (
				59F01CDF2347A4360097BD6E /* MoviesController.swift */,
				59F01CF12347DCCA0097BD6E /* MovieDetailController.swift */,
			);
			path = Controller;
			sourceTree = "<group>";
		};
		59F01CE12347A4B40097BD6E /* View */ = {
			isa = PBXGroup;
			children = (
				59F01CB723479C350097BD6E /* MoviesViewController.swift */,
				59F01CF32347DCFA0097BD6E /* MovieDetailViewController.swift */,
				59F01CEC2347DB0F0097BD6E /* MovieCell */,
				59F01CE22347A4CB0097BD6E /* Resources */,
			);
			path = View;
			sourceTree = "<group>";
		};
		59F01CE22347A4CB0097BD6E /* Resources */ = {
			isa = PBXGroup;
			children = (
				59F01CB923479C350097BD6E /* Main.storyboard */,
				59F01CBE23479C360097BD6E /* LaunchScreen.storyboard */,
			);
			path = Resources;
			sourceTree = "<group>";
		};
		59F01CE32347AB270097BD6E /* Common */ = {
			isa = PBXGroup;
			children = (
				59F01CE42347AB340097BD6E /* Extension */,
				59F01CE92347AF460097BD6E /* View */,
			);
			path = Common;
			sourceTree = "<group>";
		};
		59F01CE42347AB340097BD6E /* Extension */ = {
			isa = PBXGroup;
			children = (
				59F01CE52347AB440097BD6E /* UIViewControllerExtension.swift */,
			);
			path = Extension;
			sourceTree = "<group>";
		};
		59F01CE92347AF460097BD6E /* View */ = {
			isa = PBXGroup;
			children = (
				59F01CF52347E1EE0097BD6E /* Image */,
			);
			path = View;
			sourceTree = "<group>";
		};
		59F01CEC2347DB0F0097BD6E /* MovieCell */ = {
			isa = PBXGroup;
			children = (
				59F01CED2347DB4B0097BD6E /* MovieCVC.swift */,
				59F01CEE2347DB4B0097BD6E /* MovieCVC.xib */,
			);
			path = MovieCell;
			sourceTree = "<group>";
		};
		59F01CF52347E1EE0097BD6E /* Image */ = {
			isa = PBXGroup;
			children = (
				59F01CF62347E2050097BD6E /* ImageView.swift */,
			);
			path = Image;
			sourceTree = "<group>";
		};
		D540BFBFEA97259C275C3E6E /* Pods */ = {
			isa = PBXGroup;
			children = (
				38F61B5452E43B66974B6BFD /* Pods-sky-digital-swift.debug.xcconfig */,
				6184771ABE287E19149B707F /* Pods-sky-digital-swift.release.xcconfig */,
				C85905061EE4071EF7074046 /* Pods-sky-digital-swiftTests.debug.xcconfig */,
				50B98B067D3EC17DD696D9B0 /* Pods-sky-digital-swiftTests.release.xcconfig */,
			);
			name = Pods;
			sourceTree = "<group>";
		};
		F3AC2D41B0EF3987A0123996 /* Frameworks */ = {
			isa = PBXGroup;
			children = (
				BF2CB9AF894AA75363E1DFDC /* Pods_sky_digital_swift.framework */,
				E1AC951A36A19368B83580EE /* Pods_sky_digital_swiftTests.framework */,
			);
			name = Frameworks;
			sourceTree = "<group>";
		};
/* End PBXGroup section */

/* Begin PBXNativeTarget section */
		59F01CAF23479C350097BD6E /* sky-digital-swift */ = {
			isa = PBXNativeTarget;
			buildConfigurationList = 59F01CCF23479C360097BD6E /* Build configuration list for PBXNativeTarget "sky-digital-swift" */;
			buildPhases = (
				AEF349FCEE0805FA8F7DFE32 /* [CP] Check Pods Manifest.lock */,
				59F01CAC23479C350097BD6E /* Sources */,
				59F01CAD23479C350097BD6E /* Frameworks */,
				59F01CAE23479C350097BD6E /* Resources */,
				B5C7456CF9874050B9EFCCC7 /* [CP] Embed Pods Frameworks */,
			);
			buildRules = (
			);
			dependencies = (
			);
			name = "sky-digital-swift";
			productName = "sky-digital-swift";
			productReference = 59F01CB023479C350097BD6E /* sky-digital-swift.app */;
			productType = "com.apple.product-type.application";
		};
		59F01CC523479C360097BD6E /* sky-digital-swiftTests */ = {
			isa = PBXNativeTarget;
			buildConfigurationList = 59F01CD223479C360097BD6E /* Build configuration list for PBXNativeTarget "sky-digital-swiftTests" */;
			buildPhases = (
				41B53C18059AF628D4F0F413 /* [CP] Check Pods Manifest.lock */,
				59F01CC223479C360097BD6E /* Sources */,
				59F01CC323479C360097BD6E /* Frameworks */,
				59F01CC423479C360097BD6E /* Resources */,
			);
			buildRules = (
			);
			dependencies = (
				59F01CC823479C360097BD6E /* PBXTargetDependency */,
			);
			name = "sky-digital-swiftTests";
			productName = "sky-digital-swiftTests";
			productReference = 59F01CC623479C360097BD6E /* sky-digital-swiftTests.xctest */;
			productType = "com.apple.product-type.bundle.unit-test";
		};
/* End PBXNativeTarget section */

/* Begin PBXProject section */
		59F01CA823479C350097BD6E /* Project object */ = {
			isa = PBXProject;
			attributes = {
				LastSwiftUpdateCheck = 1100;
				LastUpgradeCheck = 1100;
				ORGANIZATIONNAME = vitor.neves;
				TargetAttributes = {
					59F01CAF23479C350097BD6E = {
						CreatedOnToolsVersion = 11.0;
					};
					59F01CC523479C360097BD6E = {
						CreatedOnToolsVersion = 11.0;
						TestTargetID = 59F01CAF23479C350097BD6E;
					};
				};
			};
			buildConfigurationList = 59F01CAB23479C350097BD6E /* Build configuration list for PBXProject "sky-digital-swift" */;
			compatibilityVersion = "Xcode 9.3";
			developmentRegion = en;
			hasScannedForEncodings = 0;
			knownRegions = (
				en,
				Base,
			);
			mainGroup = 59F01CA723479C350097BD6E;
			productRefGroup = 59F01CB123479C350097BD6E /* Products */;
			projectDirPath = "";
			projectRoot = "";
			targets = (
				59F01CAF23479C350097BD6E /* sky-digital-swift */,
				59F01CC523479C360097BD6E /* sky-digital-swiftTests */,
			);
		};
/* End PBXProject section */

/* Begin PBXResourcesBuildPhase section */
		59F01CAE23479C350097BD6E /* Resources */ = {
			isa = PBXResourcesBuildPhase;
			buildActionMask = 2147483647;
			files = (
				59F01CC023479C360097BD6E /* LaunchScreen.storyboard in Resources */,
				59F01CF02347DB4B0097BD6E /* MovieCVC.xib in Resources */,
				59F01CBD23479C360097BD6E /* Assets.xcassets in Resources */,
				59F01CBB23479C350097BD6E /* Main.storyboard in Resources */,
			);
			runOnlyForDeploymentPostprocessing = 0;
		};
		59F01CC423479C360097BD6E /* Resources */ = {
			isa = PBXResourcesBuildPhase;
			buildActionMask = 2147483647;
			files = (
			);
			runOnlyForDeploymentPostprocessing = 0;
		};
/* End PBXResourcesBuildPhase section */

/* Begin PBXShellScriptBuildPhase section */
		41B53C18059AF628D4F0F413 /* [CP] Check Pods Manifest.lock */ = {
			isa = PBXShellScriptBuildPhase;
			buildActionMask = 2147483647;
			files = (
			);
			inputFileListPaths = (
			);
			inputPaths = (
				"${PODS_PODFILE_DIR_PATH}/Podfile.lock",
				"${PODS_ROOT}/Manifest.lock",
			);
			name = "[CP] Check Pods Manifest.lock";
			outputFileListPaths = (
			);
			outputPaths = (
				"$(DERIVED_FILE_DIR)/Pods-sky-digital-swiftTests-checkManifestLockResult.txt",
			);
			runOnlyForDeploymentPostprocessing = 0;
			shellPath = /bin/sh;
			shellScript = "diff \"${PODS_PODFILE_DIR_PATH}/Podfile.lock\" \"${PODS_ROOT}/Manifest.lock\" > /dev/null\nif [ $? != 0 ] ; then\n    # print error to STDERR\n    echo \"error: The sandbox is not in sync with the Podfile.lock. Run 'pod install' or update your CocoaPods installation.\" >&2\n    exit 1\nfi\n# This output is used by Xcode 'outputs' to avoid re-running this script phase.\necho \"SUCCESS\" > \"${SCRIPT_OUTPUT_FILE_0}\"\n";
			showEnvVarsInLog = 0;
		};
		AEF349FCEE0805FA8F7DFE32 /* [CP] Check Pods Manifest.lock */ = {
			isa = PBXShellScriptBuildPhase;
			buildActionMask = 2147483647;
			files = (
			);
			inputFileListPaths = (
			);
			inputPaths = (
				"${PODS_PODFILE_DIR_PATH}/Podfile.lock",
				"${PODS_ROOT}/Manifest.lock",
			);
			name = "[CP] Check Pods Manifest.lock";
			outputFileListPaths = (
			);
			outputPaths = (
				"$(DERIVED_FILE_DIR)/Pods-sky-digital-swift-checkManifestLockResult.txt",
			);
			runOnlyForDeploymentPostprocessing = 0;
			shellPath = /bin/sh;
			shellScript = "diff \"${PODS_PODFILE_DIR_PATH}/Podfile.lock\" \"${PODS_ROOT}/Manifest.lock\" > /dev/null\nif [ $? != 0 ] ; then\n    # print error to STDERR\n    echo \"error: The sandbox is not in sync with the Podfile.lock. Run 'pod install' or update your CocoaPods installation.\" >&2\n    exit 1\nfi\n# This output is used by Xcode 'outputs' to avoid re-running this script phase.\necho \"SUCCESS\" > \"${SCRIPT_OUTPUT_FILE_0}\"\n";
			showEnvVarsInLog = 0;
		};
		B5C7456CF9874050B9EFCCC7 /* [CP] Embed Pods Frameworks */ = {
			isa = PBXShellScriptBuildPhase;
			buildActionMask = 2147483647;
			files = (
			);
			inputFileListPaths = (
			);
			inputPaths = (
				"${SRCROOT}/Pods/Target Support Files/Pods-sky-digital-swift/Pods-sky-digital-swift-frameworks.sh",
				"${BUILT_PRODUCTS_DIR}/Alamofire/Alamofire.framework",
				"${BUILT_PRODUCTS_DIR}/Cartography/Cartography.framework",
				"${BUILT_PRODUCTS_DIR}/ImageSlideShowSwift/ImageSlideShowSwift.framework",
				"${BUILT_PRODUCTS_DIR}/JGProgressHUD/JGProgressHUD.framework",
			);
			name = "[CP] Embed Pods Frameworks";
			outputFileListPaths = (
			);
			outputPaths = (
				"${TARGET_BUILD_DIR}/${FRAMEWORKS_FOLDER_PATH}/Alamofire.framework",
				"${TARGET_BUILD_DIR}/${FRAMEWORKS_FOLDER_PATH}/Cartography.framework",
				"${TARGET_BUILD_DIR}/${FRAMEWORKS_FOLDER_PATH}/ImageSlideShowSwift.framework",
				"${TARGET_BUILD_DIR}/${FRAMEWORKS_FOLDER_PATH}/JGProgressHUD.framework",
			);
			runOnlyForDeploymentPostprocessing = 0;
			shellPath = /bin/sh;
			shellScript = "\"${SRCROOT}/Pods/Target Support Files/Pods-sky-digital-swift/Pods-sky-digital-swift-frameworks.sh\"\n";
			showEnvVarsInLog = 0;
		};
/* End PBXShellScriptBuildPhase section */

/* Begin PBXSourcesBuildPhase section */
		59F01CAC23479C350097BD6E /* Sources */ = {
			isa = PBXSourcesBuildPhase;
			buildActionMask = 2147483647;
			files = (
				59F01CF92348215C0097BD6E /* ImageShow.swift in Sources */,
				59F01CDA2347A2E20097BD6E /* RequestManager.swift in Sources */,
				59F01CB823479C350097BD6E /* MoviesViewController.swift in Sources */,
				59F01CE02347A4360097BD6E /* MoviesController.swift in Sources */,
				59F01CDD2347A33A0097BD6E /* Movie.swift in Sources */,
				59F01CF72347E2050097BD6E /* ImageView.swift in Sources */,
				59F01CF42347DCFA0097BD6E /* MovieDetailViewController.swift in Sources */,
				59F01CD72347A2890097BD6E /* APISession.swift in Sources */,
				59F01CEF2347DB4B0097BD6E /* MovieCVC.swift in Sources */,
				59F01CF22347DCCA0097BD6E /* MovieDetailController.swift in Sources */,
				59F01CE62347AB440097BD6E /* UIViewControllerExtension.swift in Sources */,
				59F01CB423479C350097BD6E /* AppDelegate.swift in Sources */,
				59F01CE82347AD5C0097BD6E /* SceneDelegate.swift in Sources */,
			);
			runOnlyForDeploymentPostprocessing = 0;
		};
		59F01CC223479C360097BD6E /* Sources */ = {
			isa = PBXSourcesBuildPhase;
			buildActionMask = 2147483647;
			files = (
				59F01CCB23479C360097BD6E /* sky_digital_swiftTests.swift in Sources */,
			);
			runOnlyForDeploymentPostprocessing = 0;
		};
/* End PBXSourcesBuildPhase section */

/* Begin PBXTargetDependency section */
		59F01CC823479C360097BD6E /* PBXTargetDependency */ = {
			isa = PBXTargetDependency;
			target = 59F01CAF23479C350097BD6E /* sky-digital-swift */;
			targetProxy = 59F01CC723479C360097BD6E /* PBXContainerItemProxy */;
		};
/* End PBXTargetDependency section */

/* Begin PBXVariantGroup section */
		59F01CB923479C350097BD6E /* Main.storyboard */ = {
			isa = PBXVariantGroup;
			children = (
				59F01CBA23479C350097BD6E /* Base */,
			);
			name = Main.storyboard;
			sourceTree = "<group>";
		};
		59F01CBE23479C360097BD6E /* LaunchScreen.storyboard */ = {
			isa = PBXVariantGroup;
			children = (
				59F01CBF23479C360097BD6E /* Base */,
			);
			name = LaunchScreen.storyboard;
			sourceTree = "<group>";
		};
/* End PBXVariantGroup section */

/* Begin XCBuildConfiguration section */
		59F01CCD23479C360097BD6E /* Debug */ = {
			isa = XCBuildConfiguration;
			buildSettings = {
				ALWAYS_SEARCH_USER_PATHS = NO;
				CLANG_ANALYZER_NONNULL = YES;
				CLANG_ANALYZER_NUMBER_OBJECT_CONVERSION = YES_AGGRESSIVE;
				CLANG_CXX_LANGUAGE_STANDARD = "gnu++14";
				CLANG_CXX_LIBRARY = "libc++";
				CLANG_ENABLE_MODULES = YES;
				CLANG_ENABLE_OBJC_ARC = YES;
				CLANG_ENABLE_OBJC_WEAK = YES;
				CLANG_WARN_BLOCK_CAPTURE_AUTORELEASING = YES;
				CLANG_WARN_BOOL_CONVERSION = YES;
				CLANG_WARN_COMMA = YES;
				CLANG_WARN_CONSTANT_CONVERSION = YES;
				CLANG_WARN_DEPRECATED_OBJC_IMPLEMENTATIONS = YES;
				CLANG_WARN_DIRECT_OBJC_ISA_USAGE = YES_ERROR;
				CLANG_WARN_DOCUMENTATION_COMMENTS = YES;
				CLANG_WARN_EMPTY_BODY = YES;
				CLANG_WARN_ENUM_CONVERSION = YES;
				CLANG_WARN_INFINITE_RECURSION = YES;
				CLANG_WARN_INT_CONVERSION = YES;
				CLANG_WARN_NON_LITERAL_NULL_CONVERSION = YES;
				CLANG_WARN_OBJC_IMPLICIT_RETAIN_SELF = YES;
				CLANG_WARN_OBJC_LITERAL_CONVERSION = YES;
				CLANG_WARN_OBJC_ROOT_CLASS = YES_ERROR;
				CLANG_WARN_RANGE_LOOP_ANALYSIS = YES;
				CLANG_WARN_STRICT_PROTOTYPES = YES;
				CLANG_WARN_SUSPICIOUS_MOVE = YES;
				CLANG_WARN_UNGUARDED_AVAILABILITY = YES_AGGRESSIVE;
				CLANG_WARN_UNREACHABLE_CODE = YES;
				CLANG_WARN__DUPLICATE_METHOD_MATCH = YES;
				COPY_PHASE_STRIP = NO;
				DEBUG_INFORMATION_FORMAT = dwarf;
				ENABLE_STRICT_OBJC_MSGSEND = YES;
				ENABLE_TESTABILITY = YES;
				GCC_C_LANGUAGE_STANDARD = gnu11;
				GCC_DYNAMIC_NO_PIC = NO;
				GCC_NO_COMMON_BLOCKS = YES;
				GCC_OPTIMIZATION_LEVEL = 0;
				GCC_PREPROCESSOR_DEFINITIONS = (
					"DEBUG=1",
					"$(inherited)",
				);
				GCC_WARN_64_TO_32_BIT_CONVERSION = YES;
				GCC_WARN_ABOUT_RETURN_TYPE = YES_ERROR;
				GCC_WARN_UNDECLARED_SELECTOR = YES;
				GCC_WARN_UNINITIALIZED_AUTOS = YES_AGGRESSIVE;
				GCC_WARN_UNUSED_FUNCTION = YES;
				GCC_WARN_UNUSED_VARIABLE = YES;
				IPHONEOS_DEPLOYMENT_TARGET = 13.0;
				MTL_ENABLE_DEBUG_INFO = INCLUDE_SOURCE;
				MTL_FAST_MATH = YES;
				ONLY_ACTIVE_ARCH = YES;
				SDKROOT = iphoneos;
				SWIFT_ACTIVE_COMPILATION_CONDITIONS = DEBUG;
				SWIFT_OPTIMIZATION_LEVEL = "-Onone";
			};
			name = Debug;
		};
		59F01CCE23479C360097BD6E /* Release */ = {
			isa = XCBuildConfiguration;
			buildSettings = {
				ALWAYS_SEARCH_USER_PATHS = NO;
				CLANG_ANALYZER_NONNULL = YES;
				CLANG_ANALYZER_NUMBER_OBJECT_CONVERSION = YES_AGGRESSIVE;
				CLANG_CXX_LANGUAGE_STANDARD = "gnu++14";
				CLANG_CXX_LIBRARY = "libc++";
				CLANG_ENABLE_MODULES = YES;
				CLANG_ENABLE_OBJC_ARC = YES;
				CLANG_ENABLE_OBJC_WEAK = YES;
				CLANG_WARN_BLOCK_CAPTURE_AUTORELEASING = YES;
				CLANG_WARN_BOOL_CONVERSION = YES;
				CLANG_WARN_COMMA = YES;
				CLANG_WARN_CONSTANT_CONVERSION = YES;
				CLANG_WARN_DEPRECATED_OBJC_IMPLEMENTATIONS = YES;
				CLANG_WARN_DIRECT_OBJC_ISA_USAGE = YES_ERROR;
				CLANG_WARN_DOCUMENTATION_COMMENTS = YES;
				CLANG_WARN_EMPTY_BODY = YES;
				CLANG_WARN_ENUM_CONVERSION = YES;
				CLANG_WARN_INFINITE_RECURSION = YES;
				CLANG_WARN_INT_CONVERSION = YES;
				CLANG_WARN_NON_LITERAL_NULL_CONVERSION = YES;
				CLANG_WARN_OBJC_IMPLICIT_RETAIN_SELF = YES;
				CLANG_WARN_OBJC_LITERAL_CONVERSION = YES;
				CLANG_WARN_OBJC_ROOT_CLASS = YES_ERROR;
				CLANG_WARN_RANGE_LOOP_ANALYSIS = YES;
				CLANG_WARN_STRICT_PROTOTYPES = YES;
				CLANG_WARN_SUSPICIOUS_MOVE = YES;
				CLANG_WARN_UNGUARDED_AVAILABILITY = YES_AGGRESSIVE;
				CLANG_WARN_UNREACHABLE_CODE = YES;
				CLANG_WARN__DUPLICATE_METHOD_MATCH = YES;
				COPY_PHASE_STRIP = NO;
				DEBUG_INFORMATION_FORMAT = "dwarf-with-dsym";
				ENABLE_NS_ASSERTIONS = NO;
				ENABLE_STRICT_OBJC_MSGSEND = YES;
				GCC_C_LANGUAGE_STANDARD = gnu11;
				GCC_NO_COMMON_BLOCKS = YES;
				GCC_WARN_64_TO_32_BIT_CONVERSION = YES;
				GCC_WARN_ABOUT_RETURN_TYPE = YES_ERROR;
				GCC_WARN_UNDECLARED_SELECTOR = YES;
				GCC_WARN_UNINITIALIZED_AUTOS = YES_AGGRESSIVE;
				GCC_WARN_UNUSED_FUNCTION = YES;
				GCC_WARN_UNUSED_VARIABLE = YES;
				IPHONEOS_DEPLOYMENT_TARGET = 13.0;
				MTL_ENABLE_DEBUG_INFO = NO;
				MTL_FAST_MATH = YES;
				SDKROOT = iphoneos;
				SWIFT_COMPILATION_MODE = wholemodule;
				SWIFT_OPTIMIZATION_LEVEL = "-O";
				VALIDATE_PRODUCT = YES;
			};
			name = Release;
		};
		59F01CD023479C360097BD6E /* Debug */ = {
			isa = XCBuildConfiguration;
			baseConfigurationReference = 38F61B5452E43B66974B6BFD /* Pods-sky-digital-swift.debug.xcconfig */;
			buildSettings = {
				ASSETCATALOG_COMPILER_APPICON_NAME = AppIcon;
				CODE_SIGN_STYLE = Automatic;
				INFOPLIST_FILE = "sky-digital-swift/Info.plist";
				LD_RUNPATH_SEARCH_PATHS = (
					"$(inherited)",
					"@executable_path/Frameworks",
				);
				PRODUCT_BUNDLE_IDENTIFIER = "com.vitor.sky-digital-swift";
				PRODUCT_NAME = "$(TARGET_NAME)";
				SWIFT_VERSION = 5.0;
				TARGETED_DEVICE_FAMILY = "1,2";
			};
			name = Debug;
		};
		59F01CD123479C360097BD6E /* Release */ = {
			isa = XCBuildConfiguration;
			baseConfigurationReference = 6184771ABE287E19149B707F /* Pods-sky-digital-swift.release.xcconfig */;
			buildSettings = {
				ASSETCATALOG_COMPILER_APPICON_NAME = AppIcon;
				CODE_SIGN_STYLE = Automatic;
				INFOPLIST_FILE = "sky-digital-swift/Info.plist";
				LD_RUNPATH_SEARCH_PATHS = (
					"$(inherited)",
					"@executable_path/Frameworks",
				);
				PRODUCT_BUNDLE_IDENTIFIER = "com.vitor.sky-digital-swift";
				PRODUCT_NAME = "$(TARGET_NAME)";
				SWIFT_VERSION = 5.0;
				TARGETED_DEVICE_FAMILY = "1,2";
			};
			name = Release;
		};
		59F01CD323479C360097BD6E /* Debug */ = {
			isa = XCBuildConfiguration;
			baseConfigurationReference = C85905061EE4071EF7074046 /* Pods-sky-digital-swiftTests.debug.xcconfig */;
			buildSettings = {
				ALWAYS_EMBED_SWIFT_STANDARD_LIBRARIES = YES;
				BUNDLE_LOADER = "$(TEST_HOST)";
				CODE_SIGN_STYLE = Automatic;
				INFOPLIST_FILE = "sky-digital-swiftTests/Info.plist";
				IPHONEOS_DEPLOYMENT_TARGET = 13.0;
				LD_RUNPATH_SEARCH_PATHS = (
					"$(inherited)",
					"@executable_path/Frameworks",
					"@loader_path/Frameworks",
				);
				PRODUCT_BUNDLE_IDENTIFIER = "com.vitor.sky-digital-swiftTests";
				PRODUCT_NAME = "$(TARGET_NAME)";
				SWIFT_VERSION = 5.0;
				TARGETED_DEVICE_FAMILY = "1,2";
				TEST_HOST = "$(BUILT_PRODUCTS_DIR)/sky-digital-swift.app/sky-digital-swift";
			};
			name = Debug;
		};
		59F01CD423479C360097BD6E /* Release */ = {
			isa = XCBuildConfiguration;
			baseConfigurationReference = 50B98B067D3EC17DD696D9B0 /* Pods-sky-digital-swiftTests.release.xcconfig */;
			buildSettings = {
				ALWAYS_EMBED_SWIFT_STANDARD_LIBRARIES = YES;
				BUNDLE_LOADER = "$(TEST_HOST)";
				CODE_SIGN_STYLE = Automatic;
				INFOPLIST_FILE = "sky-digital-swiftTests/Info.plist";
				IPHONEOS_DEPLOYMENT_TARGET = 13.0;
				LD_RUNPATH_SEARCH_PATHS = (
					"$(inherited)",
					"@executable_path/Frameworks",
					"@loader_path/Frameworks",
				);
				PRODUCT_BUNDLE_IDENTIFIER = "com.vitor.sky-digital-swiftTests";
				PRODUCT_NAME = "$(TARGET_NAME)";
				SWIFT_VERSION = 5.0;
				TARGETED_DEVICE_FAMILY = "1,2";
				TEST_HOST = "$(BUILT_PRODUCTS_DIR)/sky-digital-swift.app/sky-digital-swift";
			};
			name = Release;
		};
/* End XCBuildConfiguration section */

/* Begin XCConfigurationList section */
		59F01CAB23479C350097BD6E /* Build configuration list for PBXProject "sky-digital-swift" */ = {
			isa = XCConfigurationList;
			buildConfigurations = (
				59F01CCD23479C360097BD6E /* Debug */,
				59F01CCE23479C360097BD6E /* Release */,
			);
			defaultConfigurationIsVisible = 0;
			defaultConfigurationName = Release;
		};
		59F01CCF23479C360097BD6E /* Build configuration list for PBXNativeTarget "sky-digital-swift" */ = {
			isa = XCConfigurationList;
			buildConfigurations = (
				59F01CD023479C360097BD6E /* Debug */,
				59F01CD123479C360097BD6E /* Release */,
			);
			defaultConfigurationIsVisible = 0;
			defaultConfigurationName = Release;
		};
		59F01CD223479C360097BD6E /* Build configuration list for PBXNativeTarget "sky-digital-swiftTests" */ = {
			isa = XCConfigurationList;
			buildConfigurations = (
				59F01CD323479C360097BD6E /* Debug */,
				59F01CD423479C360097BD6E /* Release */,
			);
			defaultConfigurationIsVisible = 0;
			defaultConfigurationName = Release;
		};
/* End XCConfigurationList section */
	};
	rootObject = 59F01CA823479C350097BD6E /* Project object */;
}
